
Microsoft Visual Studio Solution File, Format Version 12.00
# Visual Studio Version 16
VisualStudioVersion = 16.0.30804.86
MinimumVisualStudioVersion = 10.0.40219.1
Project("{9A19103F-16F7-4668-BE54-9A1E7A4F7556}") = "Exercise2", "Exercise2\Exercise2.csproj", "{4FFA3749-1D71-4D08-AD7F-B9FFAB673357}"
EndProject
Project("{9A19103F-16F7-4668-BE54-9A1E7A4F7556}") = "Exercise3", "Exercise3\Exercise3.csproj", "{52270AAF-F0F1-4CE4-9AE6-36C959FFEBB9}"
EndProject
Project("{FAE04EC0-301F-11D3-BF4B-00C04F79EFBC}") = "Exercise4", "Exercise4\Exercise4.csproj", "{34E23E71-FD51-40E3-AB62-71F8B1DBCCE9}"
EndProject
Global
	GlobalSection(SolutionConfigurationPlatforms) = preSolution
		Debug|Any CPU = Debug|Any CPU
		Release|Any CPU = Release|Any CPU
	EndGlobalSection
	GlobalSection(ProjectConfigurationPlatforms) = postSolution
		{4FFA3749-1D71-4D08-AD7F-B9FFAB673357}.Debug|Any CPU.ActiveCfg = Debug|Any CPU
		{4FFA3749-1D71-4D08-AD7F-B9FFAB673357}.Debug|Any CPU.Build.0 = Debug|Any CPU
		{4FFA3749-1D71-4D08-AD7F-B9FFAB673357}.Release|Any CPU.ActiveCfg = Release|Any CPU
		{4FFA3749-1D71-4D08-AD7F-B9FFAB673357}.Release|Any CPU.Build.0 = Release|Any CPU
		{52270AAF-F0F1-4CE4-9AE6-36C959FFEBB9}.Debug|Any CPU.ActiveCfg = Debug|Any CPU
		{52270AAF-F0F1-4CE4-9AE6-36C959FFEBB9}.Debug|Any CPU.Build.0 = Debug|Any CPU
		{52270AAF-F0F1-4CE4-9AE6-36C959FFEBB9}.Release|Any CPU.ActiveCfg = Release|Any CPU
		{52270AAF-F0F1-4CE4-9AE6-36C959FFEBB9}.Release|Any CPU.Build.0 = Release|Any CPU
		{34E23E71-FD51-40E3-AB62-71F8B1DBCCE9}.Debug|Any CPU.ActiveCfg = Debug|Any CPU
		{34E23E71-FD51-40E3-AB62-71F8B1DBCCE9}.Debug|Any CPU.Build.0 = Debug|Any CPU
		{34E23E71-FD51-40E3-AB62-71F8B1DBCCE9}.Release|Any CPU.ActiveCfg = Release|Any CPU
		{34E23E71-FD51-40E3-AB62-71F8B1DBCCE9}.Release|Any CPU.Build.0 = Release|Any CPU
	EndGlobalSection
	GlobalSection(SolutionProperties) = preSolution
		HideSolutionNode = FALSE
	EndGlobalSection
	GlobalSection(ExtensibilityGlobals) = postSolution
		SolutionGuid = {158E9E63-9801-46EB-A50E-A60F27D41D35}
	EndGlobalSection
EndGlobal
